// !$*UTF8*$!
{
	archiveVersion = 1;
	classes = {
	};
	objectVersion = 54;
	objects = {

/* Begin PBXBuildFile section */
		00E356F31AD99517003FC87E /* LeelaChakraAiMobileTests.m in Sources */ = {isa = PBXBuildFile; fileRef = 00E356F21AD99517003FC87E /* LeelaChakraAiMobileTests.m */; };
		0A1017CF9E81310BFA65102F /* Pods_LeelaChakraAiMobile.framework in Frameworks */ = {isa = PBXBuildFile; fileRef = 9D4D4562ABB4995EBDBB76B5 /* Pods_LeelaChakraAiMobile.framework */; };
		13B07FBC1A68108700A75B9A /* AppDelegate.mm in Sources */ = {isa = PBXBuildFile; fileRef = 13B07FB01A68108700A75B9A /* AppDelegate.mm */; };
		13B07FBF1A68108700A75B9A /* Images.xcassets in Resources */ = {isa = PBXBuildFile; fileRef = 13B07FB51A68108700A75B9A /* Images.xcassets */; };
		13B07FC11A68108700A75B9A /* main.m in Sources */ = {isa = PBXBuildFile; fileRef = 13B07FB71A68108700A75B9A /* main.m */; };
		1AA6129A9E9AE94DF74D52F5 /* Pods_LeelaChakraAiMobile_LeelaChakraAiMobileTests.framework in Frameworks */ = {isa = PBXBuildFile; fileRef = 844D26F400581A06082DE585 /* Pods_LeelaChakraAiMobile_LeelaChakraAiMobileTests.framework */; };
		49DC0DAF8233AC22CD1D1AAD /* PrivacyInfo.xcprivacy in Resources */ = {isa = PBXBuildFile; fileRef = 6BFCC7248B1B1D339C8C7DF7 /* PrivacyInfo.xcprivacy */; };
		731FD8C82C5FBAD5000CCE69 /* StoreKit.framework in Frameworks */ = {isa = PBXBuildFile; fileRef = 731FD8C72C5FBAD5000CCE69 /* StoreKit.framework */; };
		73753E3B2C60B03C00EE09C9 /* Entypo.ttf in Resources */ = {isa = PBXBuildFile; fileRef = 73753E282C60B03C00EE09C9 /* Entypo.ttf */; };
		73753E3C2C60B03C00EE09C9 /* EvilIcons.ttf in Resources */ = {isa = PBXBuildFile; fileRef = 73753E292C60B03C00EE09C9 /* EvilIcons.ttf */; };
		73753E3D2C60B03C00EE09C9 /* Feather.ttf in Resources */ = {isa = PBXBuildFile; fileRef = 73753E2A2C60B03C00EE09C9 /* Feather.ttf */; };
		73753E3E2C60B03C00EE09C9 /* FontAwesome.ttf in Resources */ = {isa = PBXBuildFile; fileRef = 73753E2B2C60B03C00EE09C9 /* FontAwesome.ttf */; };
		73753E3F2C60B03C00EE09C9 /* FontAwesome5_Brands.ttf in Resources */ = {isa = PBXBuildFile; fileRef = 73753E2C2C60B03C00EE09C9 /* FontAwesome5_Brands.ttf */; };
		73753E402C60B03C00EE09C9 /* FontAwesome5_Regular.ttf in Resources */ = {isa = PBXBuildFile; fileRef = 73753E2D2C60B03C00EE09C9 /* FontAwesome5_Regular.ttf */; };
		73753E412C60B03C00EE09C9 /* FontAwesome5_Solid.ttf in Resources */ = {isa = PBXBuildFile; fileRef = 73753E2E2C60B03C00EE09C9 /* FontAwesome5_Solid.ttf */; };
		73753E422C60B03C00EE09C9 /* FontAwesome6_Brands.ttf in Resources */ = {isa = PBXBuildFile; fileRef = 73753E2F2C60B03C00EE09C9 /* FontAwesome6_Brands.ttf */; };
		73753E432C60B03C00EE09C9 /* FontAwesome6_Regular.ttf in Resources */ = {isa = PBXBuildFile; fileRef = 73753E302C60B03C00EE09C9 /* FontAwesome6_Regular.ttf */; };
		73753E442C60B03C00EE09C9 /* FontAwesome6_Solid.ttf in Resources */ = {isa = PBXBuildFile; fileRef = 73753E312C60B03C00EE09C9 /* FontAwesome6_Solid.ttf */; };
		73753E452C60B03C00EE09C9 /* Fontisto.ttf in Resources */ = {isa = PBXBuildFile; fileRef = 73753E322C60B03C00EE09C9 /* Fontisto.ttf */; };
		73753E462C60B03C00EE09C9 /* Foundation.ttf in Resources */ = {isa = PBXBuildFile; fileRef = 73753E332C60B03C00EE09C9 /* Foundation.ttf */; };
		73753E472C60B03C00EE09C9 /* Ionicons.ttf in Resources */ = {isa = PBXBuildFile; fileRef = 73753E342C60B03C00EE09C9 /* Ionicons.ttf */; };
		73753E482C60B03C00EE09C9 /* MaterialCommunityIcons.ttf in Resources */ = {isa = PBXBuildFile; fileRef = 73753E352C60B03C00EE09C9 /* MaterialCommunityIcons.ttf */; };
		73753E492C60B03C00EE09C9 /* MaterialIcons.ttf in Resources */ = {isa = PBXBuildFile; fileRef = 73753E362C60B03C00EE09C9 /* MaterialIcons.ttf */; };
		73753E4A2C60B03C00EE09C9 /* Octicons.ttf in Resources */ = {isa = PBXBuildFile; fileRef = 73753E372C60B03C00EE09C9 /* Octicons.ttf */; };
		73753E4B2C60B03C00EE09C9 /* SimpleLineIcons.ttf in Resources */ = {isa = PBXBuildFile; fileRef = 73753E382C60B03C00EE09C9 /* SimpleLineIcons.ttf */; };
		73753E4C2C60B03C00EE09C9 /* Zocial.ttf in Resources */ = {isa = PBXBuildFile; fileRef = 73753E392C60B03C00EE09C9 /* Zocial.ttf */; };
		73753E692C60B0AC00EE09C9 /* Montserrat-ExtraBold.ttf in Resources */ = {isa = PBXBuildFile; fileRef = 73753E4D2C60B0AB00EE09C9 /* Montserrat-ExtraBold.ttf */; };
		73753E6A2C60B0AC00EE09C9 /* Montserrat-Bold.ttf in Resources */ = {isa = PBXBuildFile; fileRef = 73753E4E2C60B0AC00EE09C9 /* Montserrat-Bold.ttf */; };
		73753E6B2C60B0AC00EE09C9 /* NeutraText-Book.otf in Resources */ = {isa = PBXBuildFile; fileRef = 73753E4F2C60B0AC00EE09C9 /* NeutraText-Book.otf */; };
		73753E6C2C60B0AC00EE09C9 /* Montserrat-Regular.ttf in Resources */ = {isa = PBXBuildFile; fileRef = 73753E502C60B0AC00EE09C9 /* Montserrat-Regular.ttf */; };
		73753E6D2C60B0AC00EE09C9 /* Montserrat-BlackItalic.ttf in Resources */ = {isa = PBXBuildFile; fileRef = 73753E512C60B0AC00EE09C9 /* Montserrat-BlackItalic.ttf */; };
		73753E6E2C60B0AC00EE09C9 /* Montserrat-SemiBold.ttf in Resources */ = {isa = PBXBuildFile; fileRef = 73753E522C60B0AC00EE09C9 /* Montserrat-SemiBold.ttf */; };
		73753E6F2C60B0AC00EE09C9 /* Montserrat-ExtraBoldItalic.ttf in Resources */ = {isa = PBXBuildFile; fileRef = 73753E532C60B0AC00EE09C9 /* Montserrat-ExtraBoldItalic.ttf */; };
		73753E702C60B0AC00EE09C9 /* Montserrat-SemiBoldItalic.ttf in Resources */ = {isa = PBXBuildFile; fileRef = 73753E542C60B0AC00EE09C9 /* Montserrat-SemiBoldItalic.ttf */; };
		73753E712C60B0AC00EE09C9 /* Montserrat-Medium.ttf in Resources */ = {isa = PBXBuildFile; fileRef = 73753E552C60B0AC00EE09C9 /* Montserrat-Medium.ttf */; };
		73753E722C60B0AC00EE09C9 /* Montserrat-Black.ttf in Resources */ = {isa = PBXBuildFile; fileRef = 73753E562C60B0AC00EE09C9 /* Montserrat-Black.ttf */; };
		73753E732C60B0AC00EE09C9 /* NeutraText-BookItalic.otf in Resources */ = {isa = PBXBuildFile; fileRef = 73753E572C60B0AC00EE09C9 /* NeutraText-BookItalic.otf */; };
		73753E742C60B0AC00EE09C9 /* IBM-Logo.ttf in Resources */ = {isa = PBXBuildFile; fileRef = 73753E582C60B0AC00EE09C9 /* IBM-Logo.ttf */; };
		73753E752C60B0AC00EE09C9 /* Montserrat-BoldItalic.ttf in Resources */ = {isa = PBXBuildFile; fileRef = 73753E592C60B0AC00EE09C9 /* Montserrat-BoldItalic.ttf */; };
		73753E762C60B0AC00EE09C9 /* OxygenMono-Regular.otf in Resources */ = {isa = PBXBuildFile; fileRef = 73753E5A2C60B0AC00EE09C9 /* OxygenMono-Regular.otf */; };
		73753E772C60B0AC00EE09C9 /* Montserrat-ExtraLight.ttf in Resources */ = {isa = PBXBuildFile; fileRef = 73753E5B2C60B0AC00EE09C9 /* Montserrat-ExtraLight.ttf */; };
		73753E782C60B0AC00EE09C9 /* Montserrat-MediumItalic.ttf in Resources */ = {isa = PBXBuildFile; fileRef = 73753E5C2C60B0AC00EE09C9 /* Montserrat-MediumItalic.ttf */; };
		73753E792C60B0AC00EE09C9 /* Montserrat-ExtraLightItalic.ttf in Resources */ = {isa = PBXBuildFile; fileRef = 73753E5D2C60B0AC00EE09C9 /* Montserrat-ExtraLightItalic.ttf */; };
		73753E7A2C60B0AC00EE09C9 /* Montserrat-LightItalic.ttf in Resources */ = {isa = PBXBuildFile; fileRef = 73753E5E2C60B0AC00EE09C9 /* Montserrat-LightItalic.ttf */; };
		73753E7B2C60B0AC00EE09C9 /* etna-free-font.otf in Resources */ = {isa = PBXBuildFile; fileRef = 73753E5F2C60B0AC00EE09C9 /* etna-free-font.otf */; };
		73753E7C2C60B0AC00EE09C9 /* KLMN_Flash_Pix.ttf in Resources */ = {isa = PBXBuildFile; fileRef = 73753E602C60B0AC00EE09C9 /* KLMN_Flash_Pix.ttf */; };
		73753E7D2C60B0AC00EE09C9 /* 3270Narrow.ttf in Resources */ = {isa = PBXBuildFile; fileRef = 73753E612C60B0AC00EE09C9 /* 3270Narrow.ttf */; };
		73753E7E2C60B0AC00EE09C9 /* TheDolbak-Brush.ttf in Resources */ = {isa = PBXBuildFile; fileRef = 73753E622C60B0AC00EE09C9 /* TheDolbak-Brush.ttf */; };
		73753E7F2C60B0AC00EE09C9 /* Montserrat-Light.ttf in Resources */ = {isa = PBXBuildFile; fileRef = 73753E632C60B0AC00EE09C9 /* Montserrat-Light.ttf */; };
		73753E802C60B0AC00EE09C9 /* Montserrat-Thin.ttf in Resources */ = {isa = PBXBuildFile; fileRef = 73753E642C60B0AC00EE09C9 /* Montserrat-Thin.ttf */; };
		73753E812C60B0AC00EE09C9 /* Montserrat-ThinItalic.ttf in Resources */ = {isa = PBXBuildFile; fileRef = 73753E652C60B0AC00EE09C9 /* Montserrat-ThinItalic.ttf */; };
		73753E822C60B0AC00EE09C9 /* NeutraText-Bold.otf in Resources */ = {isa = PBXBuildFile; fileRef = 73753E662C60B0AC00EE09C9 /* NeutraText-Bold.otf */; };
		73753E832C60B0AC00EE09C9 /* NeutraText-BoldItalic.otf in Resources */ = {isa = PBXBuildFile; fileRef = 73753E672C60B0AC00EE09C9 /* NeutraText-BoldItalic.otf */; };
		73753E842C60B0AC00EE09C9 /* Montserrat-Italic.ttf in Resources */ = {isa = PBXBuildFile; fileRef = 73753E682C60B0AC00EE09C9 /* Montserrat-Italic.ttf */; };
		73F538FE2C5FB41700BDFCCF /* GoogleService-Info.plist in Resources */ = {isa = PBXBuildFile; fileRef = 73F538FD2C5FB41700BDFCCF /* GoogleService-Info.plist */; };
		81AB9BB82411601600AC10FF /* LaunchScreen.storyboard in Resources */ = {isa = PBXBuildFile; fileRef = 81AB9BB72411601600AC10FF /* LaunchScreen.storyboard */; };
/* End PBXBuildFile section */

/* Begin PBXContainerItemProxy section */
		00E356F41AD99517003FC87E /* PBXContainerItemProxy */ = {
			isa = PBXContainerItemProxy;
			containerPortal = 83CBB9F71A601CBA00E9B192 /* Project object */;
			proxyType = 1;
			remoteGlobalIDString = 13B07F861A680F5B00A75B9A;
			remoteInfo = LeelaChakraAiMobile;
		};
/* End PBXContainerItemProxy section */

/* Begin PBXFileReference section */
		00E356EE1AD99517003FC87E /* LeelaChakraAiMobileTests.xctest */ = {isa = PBXFileReference; explicitFileType = wrapper.cfbundle; includeInIndex = 0; path = LeelaChakraAiMobileTests.xctest; sourceTree = BUILT_PRODUCTS_DIR; };
		00E356F11AD99517003FC87E /* Info.plist */ = {isa = PBXFileReference; lastKnownFileType = text.plist.xml; path = Info.plist; sourceTree = "<group>"; };
		00E356F21AD99517003FC87E /* LeelaChakraAiMobileTests.m */ = {isa = PBXFileReference; lastKnownFileType = sourcecode.c.objc; path = LeelaChakraAiMobileTests.m; sourceTree = "<group>"; };
		0BDCA2B115F29886ACCB20A5 /* Pods-LeelaChakraAiMobile.debug.xcconfig */ = {isa = PBXFileReference; includeInIndex = 1; lastKnownFileType = text.xcconfig; name = "Pods-LeelaChakraAiMobile.debug.xcconfig"; path = "Target Support Files/Pods-LeelaChakraAiMobile/Pods-LeelaChakraAiMobile.debug.xcconfig"; sourceTree = "<group>"; };
		13B07F961A680F5B00A75B9A /* LeelaChakraAiMobile.app */ = {isa = PBXFileReference; explicitFileType = wrapper.application; includeInIndex = 0; path = LeelaChakraAiMobile.app; sourceTree = BUILT_PRODUCTS_DIR; };
		13B07FAF1A68108700A75B9A /* AppDelegate.h */ = {isa = PBXFileReference; fileEncoding = 4; lastKnownFileType = sourcecode.c.h; name = AppDelegate.h; path = LeelaChakraAiMobile/AppDelegate.h; sourceTree = "<group>"; };
		13B07FB01A68108700A75B9A /* AppDelegate.mm */ = {isa = PBXFileReference; fileEncoding = 4; lastKnownFileType = sourcecode.cpp.objcpp; name = AppDelegate.mm; path = LeelaChakraAiMobile/AppDelegate.mm; sourceTree = "<group>"; };
		13B07FB51A68108700A75B9A /* Images.xcassets */ = {isa = PBXFileReference; lastKnownFileType = folder.assetcatalog; name = Images.xcassets; path = LeelaChakraAiMobile/Images.xcassets; sourceTree = "<group>"; };
		13B07FB61A68108700A75B9A /* Info.plist */ = {isa = PBXFileReference; fileEncoding = 4; lastKnownFileType = text.plist.xml; name = Info.plist; path = LeelaChakraAiMobile/Info.plist; sourceTree = "<group>"; };
		13B07FB71A68108700A75B9A /* main.m */ = {isa = PBXFileReference; fileEncoding = 4; lastKnownFileType = sourcecode.c.objc; name = main.m; path = LeelaChakraAiMobile/main.m; sourceTree = "<group>"; };
		13B07FB81A68108700A75B9A /* PrivacyInfo.xcprivacy */ = {isa = PBXFileReference; fileEncoding = 4; lastKnownFileType = text.plist.xml; name = PrivacyInfo.xcprivacy; path = LeelaChakraAiMobile/PrivacyInfo.xcprivacy; sourceTree = "<group>"; };
		1804CEDD0E5DCC8FB9C55EFD /* Pods-LeelaChakraAiMobile-LeelaChakraAiMobileTests.release.xcconfig */ = {isa = PBXFileReference; includeInIndex = 1; lastKnownFileType = text.xcconfig; name = "Pods-LeelaChakraAiMobile-LeelaChakraAiMobileTests.release.xcconfig"; path = "Target Support Files/Pods-LeelaChakraAiMobile-LeelaChakraAiMobileTests/Pods-LeelaChakraAiMobile-LeelaChakraAiMobileTests.release.xcconfig"; sourceTree = "<group>"; };
		6BFCC7248B1B1D339C8C7DF7 /* PrivacyInfo.xcprivacy */ = {isa = PBXFileReference; includeInIndex = 1; lastKnownFileType = text.xml; name = PrivacyInfo.xcprivacy; path = LeelaChakraAiMobile/PrivacyInfo.xcprivacy; sourceTree = "<group>"; };
		731FD8C72C5FBAD5000CCE69 /* StoreKit.framework */ = {isa = PBXFileReference; lastKnownFileType = wrapper.framework; name = StoreKit.framework; path = System/Library/Frameworks/StoreKit.framework; sourceTree = SDKROOT; };
		73753E282C60B03C00EE09C9 /* Entypo.ttf */ = {isa = PBXFileReference; lastKnownFileType = file; path = Entypo.ttf; sourceTree = "<group>"; };
		73753E292C60B03C00EE09C9 /* EvilIcons.ttf */ = {isa = PBXFileReference; lastKnownFileType = file; path = EvilIcons.ttf; sourceTree = "<group>"; };
		73753E2A2C60B03C00EE09C9 /* Feather.ttf */ = {isa = PBXFileReference; lastKnownFileType = file; path = Feather.ttf; sourceTree = "<group>"; };
		73753E2B2C60B03C00EE09C9 /* FontAwesome.ttf */ = {isa = PBXFileReference; lastKnownFileType = file; path = FontAwesome.ttf; sourceTree = "<group>"; };
		73753E2C2C60B03C00EE09C9 /* FontAwesome5_Brands.ttf */ = {isa = PBXFileReference; lastKnownFileType = file; path = FontAwesome5_Brands.ttf; sourceTree = "<group>"; };
		73753E2D2C60B03C00EE09C9 /* FontAwesome5_Regular.ttf */ = {isa = PBXFileReference; lastKnownFileType = file; path = FontAwesome5_Regular.ttf; sourceTree = "<group>"; };
		73753E2E2C60B03C00EE09C9 /* FontAwesome5_Solid.ttf */ = {isa = PBXFileReference; lastKnownFileType = file; path = FontAwesome5_Solid.ttf; sourceTree = "<group>"; };
		73753E2F2C60B03C00EE09C9 /* FontAwesome6_Brands.ttf */ = {isa = PBXFileReference; lastKnownFileType = file; path = FontAwesome6_Brands.ttf; sourceTree = "<group>"; };
		73753E302C60B03C00EE09C9 /* FontAwesome6_Regular.ttf */ = {isa = PBXFileReference; lastKnownFileType = file; path = FontAwesome6_Regular.ttf; sourceTree = "<group>"; };
		73753E312C60B03C00EE09C9 /* FontAwesome6_Solid.ttf */ = {isa = PBXFileReference; lastKnownFileType = file; path = FontAwesome6_Solid.ttf; sourceTree = "<group>"; };
		73753E322C60B03C00EE09C9 /* Fontisto.ttf */ = {isa = PBXFileReference; lastKnownFileType = file; path = Fontisto.ttf; sourceTree = "<group>"; };
		73753E332C60B03C00EE09C9 /* Foundation.ttf */ = {isa = PBXFileReference; lastKnownFileType = file; path = Foundation.ttf; sourceTree = "<group>"; };
		73753E342C60B03C00EE09C9 /* Ionicons.ttf */ = {isa = PBXFileReference; lastKnownFileType = file; path = Ionicons.ttf; sourceTree = "<group>"; };
		73753E352C60B03C00EE09C9 /* MaterialCommunityIcons.ttf */ = {isa = PBXFileReference; lastKnownFileType = file; path = MaterialCommunityIcons.ttf; sourceTree = "<group>"; };
		73753E362C60B03C00EE09C9 /* MaterialIcons.ttf */ = {isa = PBXFileReference; lastKnownFileType = file; path = MaterialIcons.ttf; sourceTree = "<group>"; };
		73753E372C60B03C00EE09C9 /* Octicons.ttf */ = {isa = PBXFileReference; lastKnownFileType = file; path = Octicons.ttf; sourceTree = "<group>"; };
		73753E382C60B03C00EE09C9 /* SimpleLineIcons.ttf */ = {isa = PBXFileReference; lastKnownFileType = file; path = SimpleLineIcons.ttf; sourceTree = "<group>"; };
		73753E392C60B03C00EE09C9 /* Zocial.ttf */ = {isa = PBXFileReference; lastKnownFileType = file; path = Zocial.ttf; sourceTree = "<group>"; };
		73753E4D2C60B0AB00EE09C9 /* Montserrat-ExtraBold.ttf */ = {isa = PBXFileReference; lastKnownFileType = file; name = "Montserrat-ExtraBold.ttf"; path = "../../assets/fonts/Montserrat-ExtraBold.ttf"; sourceTree = "<group>"; };
		73753E4E2C60B0AC00EE09C9 /* Montserrat-Bold.ttf */ = {isa = PBXFileReference; lastKnownFileType = file; name = "Montserrat-Bold.ttf"; path = "../../assets/fonts/Montserrat-Bold.ttf"; sourceTree = "<group>"; };
		73753E4F2C60B0AC00EE09C9 /* NeutraText-Book.otf */ = {isa = PBXFileReference; lastKnownFileType = file; name = "NeutraText-Book.otf"; path = "../../assets/fonts/NeutraText-Book.otf"; sourceTree = "<group>"; };
		73753E502C60B0AC00EE09C9 /* Montserrat-Regular.ttf */ = {isa = PBXFileReference; lastKnownFileType = file; name = "Montserrat-Regular.ttf"; path = "../../assets/fonts/Montserrat-Regular.ttf"; sourceTree = "<group>"; };
		73753E512C60B0AC00EE09C9 /* Montserrat-BlackItalic.ttf */ = {isa = PBXFileReference; lastKnownFileType = file; name = "Montserrat-BlackItalic.ttf"; path = "../../assets/fonts/Montserrat-BlackItalic.ttf"; sourceTree = "<group>"; };
		73753E522C60B0AC00EE09C9 /* Montserrat-SemiBold.ttf */ = {isa = PBXFileReference; lastKnownFileType = file; name = "Montserrat-SemiBold.ttf"; path = "../../assets/fonts/Montserrat-SemiBold.ttf"; sourceTree = "<group>"; };
		73753E532C60B0AC00EE09C9 /* Montserrat-ExtraBoldItalic.ttf */ = {isa = PBXFileReference; lastKnownFileType = file; name = "Montserrat-ExtraBoldItalic.ttf"; path = "../../assets/fonts/Montserrat-ExtraBoldItalic.ttf"; sourceTree = "<group>"; };
		73753E542C60B0AC00EE09C9 /* Montserrat-SemiBoldItalic.ttf */ = {isa = PBXFileReference; lastKnownFileType = file; name = "Montserrat-SemiBoldItalic.ttf"; path = "../../assets/fonts/Montserrat-SemiBoldItalic.ttf"; sourceTree = "<group>"; };
		73753E552C60B0AC00EE09C9 /* Montserrat-Medium.ttf */ = {isa = PBXFileReference; lastKnownFileType = file; name = "Montserrat-Medium.ttf"; path = "../../assets/fonts/Montserrat-Medium.ttf"; sourceTree = "<group>"; };
		73753E562C60B0AC00EE09C9 /* Montserrat-Black.ttf */ = {isa = PBXFileReference; lastKnownFileType = file; name = "Montserrat-Black.ttf"; path = "../../assets/fonts/Montserrat-Black.ttf"; sourceTree = "<group>"; };
		73753E572C60B0AC00EE09C9 /* NeutraText-BookItalic.otf */ = {isa = PBXFileReference; lastKnownFileType = file; name = "NeutraText-BookItalic.otf"; path = "../../assets/fonts/NeutraText-BookItalic.otf"; sourceTree = "<group>"; };
		73753E582C60B0AC00EE09C9 /* IBM-Logo.ttf */ = {isa = PBXFileReference; lastKnownFileType = file; name = "IBM-Logo.ttf"; path = "../../assets/fonts/IBM-Logo.ttf"; sourceTree = "<group>"; };
		73753E592C60B0AC00EE09C9 /* Montserrat-BoldItalic.ttf */ = {isa = PBXFileReference; lastKnownFileType = file; name = "Montserrat-BoldItalic.ttf"; path = "../../assets/fonts/Montserrat-BoldItalic.ttf"; sourceTree = "<group>"; };
		73753E5A2C60B0AC00EE09C9 /* OxygenMono-Regular.otf */ = {isa = PBXFileReference; lastKnownFileType = file; name = "OxygenMono-Regular.otf"; path = "../../assets/fonts/OxygenMono-Regular.otf"; sourceTree = "<group>"; };
		73753E5B2C60B0AC00EE09C9 /* Montserrat-ExtraLight.ttf */ = {isa = PBXFileReference; lastKnownFileType = file; name = "Montserrat-ExtraLight.ttf"; path = "../../assets/fonts/Montserrat-ExtraLight.ttf"; sourceTree = "<group>"; };
		73753E5C2C60B0AC00EE09C9 /* Montserrat-MediumItalic.ttf */ = {isa = PBXFileReference; lastKnownFileType = file; name = "Montserrat-MediumItalic.ttf"; path = "../../assets/fonts/Montserrat-MediumItalic.ttf"; sourceTree = "<group>"; };
		73753E5D2C60B0AC00EE09C9 /* Montserrat-ExtraLightItalic.ttf */ = {isa = PBXFileReference; lastKnownFileType = file; name = "Montserrat-ExtraLightItalic.ttf"; path = "../../assets/fonts/Montserrat-ExtraLightItalic.ttf"; sourceTree = "<group>"; };
		73753E5E2C60B0AC00EE09C9 /* Montserrat-LightItalic.ttf */ = {isa = PBXFileReference; lastKnownFileType = file; name = "Montserrat-LightItalic.ttf"; path = "../../assets/fonts/Montserrat-LightItalic.ttf"; sourceTree = "<group>"; };
		73753E5F2C60B0AC00EE09C9 /* etna-free-font.otf */ = {isa = PBXFileReference; lastKnownFileType = file; name = "etna-free-font.otf"; path = "../../assets/fonts/etna-free-font.otf"; sourceTree = "<group>"; };
		73753E602C60B0AC00EE09C9 /* KLMN_Flash_Pix.ttf */ = {isa = PBXFileReference; lastKnownFileType = file; name = KLMN_Flash_Pix.ttf; path = ../../assets/fonts/KLMN_Flash_Pix.ttf; sourceTree = "<group>"; };
		73753E612C60B0AC00EE09C9 /* 3270Narrow.ttf */ = {isa = PBXFileReference; lastKnownFileType = file; name = 3270Narrow.ttf; path = ../../assets/fonts/3270Narrow.ttf; sourceTree = "<group>"; };
		73753E622C60B0AC00EE09C9 /* TheDolbak-Brush.ttf */ = {isa = PBXFileReference; lastKnownFileType = file; name = "TheDolbak-Brush.ttf"; path = "../../assets/fonts/TheDolbak-Brush.ttf"; sourceTree = "<group>"; };
		73753E632C60B0AC00EE09C9 /* Montserrat-Light.ttf */ = {isa = PBXFileReference; lastKnownFileType = file; name = "Montserrat-Light.ttf"; path = "../../assets/fonts/Montserrat-Light.ttf"; sourceTree = "<group>"; };
		73753E642C60B0AC00EE09C9 /* Montserrat-Thin.ttf */ = {isa = PBXFileReference; lastKnownFileType = file; name = "Montserrat-Thin.ttf"; path = "../../assets/fonts/Montserrat-Thin.ttf"; sourceTree = "<group>"; };
		73753E652C60B0AC00EE09C9 /* Montserrat-ThinItalic.ttf */ = {isa = PBXFileReference; lastKnownFileType = file; name = "Montserrat-ThinItalic.ttf"; path = "../../assets/fonts/Montserrat-ThinItalic.ttf"; sourceTree = "<group>"; };
		73753E662C60B0AC00EE09C9 /* NeutraText-Bold.otf */ = {isa = PBXFileReference; lastKnownFileType = file; name = "NeutraText-Bold.otf"; path = "../../assets/fonts/NeutraText-Bold.otf"; sourceTree = "<group>"; };
		73753E672C60B0AC00EE09C9 /* NeutraText-BoldItalic.otf */ = {isa = PBXFileReference; lastKnownFileType = file; name = "NeutraText-BoldItalic.otf"; path = "../../assets/fonts/NeutraText-BoldItalic.otf"; sourceTree = "<group>"; };
		73753E682C60B0AC00EE09C9 /* Montserrat-Italic.ttf */ = {isa = PBXFileReference; lastKnownFileType = file; name = "Montserrat-Italic.ttf"; path = "../../assets/fonts/Montserrat-Italic.ttf"; sourceTree = "<group>"; };
		73F538FD2C5FB41700BDFCCF /* GoogleService-Info.plist */ = {isa = PBXFileReference; fileEncoding = 4; lastKnownFileType = text.plist.xml; path = "GoogleService-Info.plist"; sourceTree = "<group>"; };
		81AB9BB72411601600AC10FF /* LaunchScreen.storyboard */ = {isa = PBXFileReference; fileEncoding = 4; lastKnownFileType = file.storyboard; name = LaunchScreen.storyboard; path = LeelaChakraAiMobile/LaunchScreen.storyboard; sourceTree = "<group>"; };
		844D26F400581A06082DE585 /* Pods_LeelaChakraAiMobile_LeelaChakraAiMobileTests.framework */ = {isa = PBXFileReference; explicitFileType = wrapper.framework; includeInIndex = 0; path = Pods_LeelaChakraAiMobile_LeelaChakraAiMobileTests.framework; sourceTree = BUILT_PRODUCTS_DIR; };
		9D4D4562ABB4995EBDBB76B5 /* Pods_LeelaChakraAiMobile.framework */ = {isa = PBXFileReference; explicitFileType = wrapper.framework; includeInIndex = 0; path = Pods_LeelaChakraAiMobile.framework; sourceTree = BUILT_PRODUCTS_DIR; };
		C01A71314A63BB890C0F4BD1 /* Pods-LeelaChakraAiMobile-LeelaChakraAiMobileTests.debug.xcconfig */ = {isa = PBXFileReference; includeInIndex = 1; lastKnownFileType = text.xcconfig; name = "Pods-LeelaChakraAiMobile-LeelaChakraAiMobileTests.debug.xcconfig"; path = "Target Support Files/Pods-LeelaChakraAiMobile-LeelaChakraAiMobileTests/Pods-LeelaChakraAiMobile-LeelaChakraAiMobileTests.debug.xcconfig"; sourceTree = "<group>"; };
		ED297162215061F000B7C4FE /* JavaScriptCore.framework */ = {isa = PBXFileReference; lastKnownFileType = wrapper.framework; name = JavaScriptCore.framework; path = System/Library/Frameworks/JavaScriptCore.framework; sourceTree = SDKROOT; };
		F75B74A88714774F57173FEA /* Pods-LeelaChakraAiMobile.release.xcconfig */ = {isa = PBXFileReference; includeInIndex = 1; lastKnownFileType = text.xcconfig; name = "Pods-LeelaChakraAiMobile.release.xcconfig"; path = "Target Support Files/Pods-LeelaChakraAiMobile/Pods-LeelaChakraAiMobile.release.xcconfig"; sourceTree = "<group>"; };
/* End PBXFileReference section */

/* Begin PBXFrameworksBuildPhase section */
		00E356EB1AD99517003FC87E /* Frameworks */ = {
			isa = PBXFrameworksBuildPhase;
			buildActionMask = 2147483647;
			files = (
				1AA6129A9E9AE94DF74D52F5 /* Pods_LeelaChakraAiMobile_LeelaChakraAiMobileTests.framework in Frameworks */,
			);
			runOnlyForDeploymentPostprocessing = 0;
		};
		13B07F8C1A680F5B00A75B9A /* Frameworks */ = {
			isa = PBXFrameworksBuildPhase;
			buildActionMask = 2147483647;
			files = (
				0A1017CF9E81310BFA65102F /* Pods_LeelaChakraAiMobile.framework in Frameworks */,
				731FD8C82C5FBAD5000CCE69 /* StoreKit.framework in Frameworks */,
			);
			runOnlyForDeploymentPostprocessing = 0;
		};
/* End PBXFrameworksBuildPhase section */

/* Begin PBXGroup section */
		00E356EF1AD99517003FC87E /* LeelaChakraAiMobileTests */ = {
			isa = PBXGroup;
			children = (
				00E356F21AD99517003FC87E /* LeelaChakraAiMobileTests.m */,
				00E356F01AD99517003FC87E /* Supporting Files */,
			);
			path = LeelaChakraAiMobileTests;
			sourceTree = "<group>";
		};
		00E356F01AD99517003FC87E /* Supporting Files */ = {
			isa = PBXGroup;
			children = (
				00E356F11AD99517003FC87E /* Info.plist */,
			);
			name = "Supporting Files";
			sourceTree = "<group>";
		};
		13B07FAE1A68108700A75B9A /* LeelaChakraAiMobile */ = {
			isa = PBXGroup;
			children = (
				73F538FD2C5FB41700BDFCCF /* GoogleService-Info.plist */,
				13B07FAF1A68108700A75B9A /* AppDelegate.h */,
				13B07FB01A68108700A75B9A /* AppDelegate.mm */,
				13B07FB51A68108700A75B9A /* Images.xcassets */,
				13B07FB61A68108700A75B9A /* Info.plist */,
				81AB9BB72411601600AC10FF /* LaunchScreen.storyboard */,
				13B07FB71A68108700A75B9A /* main.m */,
				13B07FB81A68108700A75B9A /* PrivacyInfo.xcprivacy */,
				6BFCC7248B1B1D339C8C7DF7 /* PrivacyInfo.xcprivacy */,
			);
			name = LeelaChakraAiMobile;
			sourceTree = "<group>";
		};
		2D16E6871FA4F8E400B85C8A /* Frameworks */ = {
			isa = PBXGroup;
			children = (
				731FD8C72C5FBAD5000CCE69 /* StoreKit.framework */,
				ED297162215061F000B7C4FE /* JavaScriptCore.framework */,
				9D4D4562ABB4995EBDBB76B5 /* Pods_LeelaChakraAiMobile.framework */,
				844D26F400581A06082DE585 /* Pods_LeelaChakraAiMobile_LeelaChakraAiMobileTests.framework */,
			);
			name = Frameworks;
			sourceTree = "<group>";
		};
		73753E3A2C60B03C00EE09C9 /* Fonts */ = {
			isa = PBXGroup;
			children = (
				73753E612C60B0AC00EE09C9 /* 3270Narrow.ttf */,
				73753E5F2C60B0AC00EE09C9 /* etna-free-font.otf */,
				73753E582C60B0AC00EE09C9 /* IBM-Logo.ttf */,
				73753E602C60B0AC00EE09C9 /* KLMN_Flash_Pix.ttf */,
				73753E562C60B0AC00EE09C9 /* Montserrat-Black.ttf */,
				73753E512C60B0AC00EE09C9 /* Montserrat-BlackItalic.ttf */,
				73753E4E2C60B0AC00EE09C9 /* Montserrat-Bold.ttf */,
				73753E592C60B0AC00EE09C9 /* Montserrat-BoldItalic.ttf */,
				73753E4D2C60B0AB00EE09C9 /* Montserrat-ExtraBold.ttf */,
				73753E532C60B0AC00EE09C9 /* Montserrat-ExtraBoldItalic.ttf */,
				73753E5B2C60B0AC00EE09C9 /* Montserrat-ExtraLight.ttf */,
				73753E5D2C60B0AC00EE09C9 /* Montserrat-ExtraLightItalic.ttf */,
				73753E682C60B0AC00EE09C9 /* Montserrat-Italic.ttf */,
				73753E632C60B0AC00EE09C9 /* Montserrat-Light.ttf */,
				73753E5E2C60B0AC00EE09C9 /* Montserrat-LightItalic.ttf */,
				73753E552C60B0AC00EE09C9 /* Montserrat-Medium.ttf */,
				73753E5C2C60B0AC00EE09C9 /* Montserrat-MediumItalic.ttf */,
				73753E502C60B0AC00EE09C9 /* Montserrat-Regular.ttf */,
				73753E522C60B0AC00EE09C9 /* Montserrat-SemiBold.ttf */,
				73753E542C60B0AC00EE09C9 /* Montserrat-SemiBoldItalic.ttf */,
				73753E642C60B0AC00EE09C9 /* Montserrat-Thin.ttf */,
				73753E652C60B0AC00EE09C9 /* Montserrat-ThinItalic.ttf */,
				73753E662C60B0AC00EE09C9 /* NeutraText-Bold.otf */,
				73753E672C60B0AC00EE09C9 /* NeutraText-BoldItalic.otf */,
				73753E4F2C60B0AC00EE09C9 /* NeutraText-Book.otf */,
				73753E572C60B0AC00EE09C9 /* NeutraText-BookItalic.otf */,
				73753E5A2C60B0AC00EE09C9 /* OxygenMono-Regular.otf */,
				73753E622C60B0AC00EE09C9 /* TheDolbak-Brush.ttf */,
				73753E282C60B03C00EE09C9 /* Entypo.ttf */,
				73753E292C60B03C00EE09C9 /* EvilIcons.ttf */,
				73753E2A2C60B03C00EE09C9 /* Feather.ttf */,
				73753E2B2C60B03C00EE09C9 /* FontAwesome.ttf */,
				73753E2C2C60B03C00EE09C9 /* FontAwesome5_Brands.ttf */,
				73753E2D2C60B03C00EE09C9 /* FontAwesome5_Regular.ttf */,
				73753E2E2C60B03C00EE09C9 /* FontAwesome5_Solid.ttf */,
				73753E2F2C60B03C00EE09C9 /* FontAwesome6_Brands.ttf */,
				73753E302C60B03C00EE09C9 /* FontAwesome6_Regular.ttf */,
				73753E312C60B03C00EE09C9 /* FontAwesome6_Solid.ttf */,
				73753E322C60B03C00EE09C9 /* Fontisto.ttf */,
				73753E332C60B03C00EE09C9 /* Foundation.ttf */,
				73753E342C60B03C00EE09C9 /* Ionicons.ttf */,
				73753E352C60B03C00EE09C9 /* MaterialCommunityIcons.ttf */,
				73753E362C60B03C00EE09C9 /* MaterialIcons.ttf */,
				73753E372C60B03C00EE09C9 /* Octicons.ttf */,
				73753E382C60B03C00EE09C9 /* SimpleLineIcons.ttf */,
				73753E392C60B03C00EE09C9 /* Zocial.ttf */,
			);
			path = Fonts;
			sourceTree = "<group>";
		};
		832341AE1AAA6A7D00B99B32 /* Libraries */ = {
			isa = PBXGroup;
			children = (
			);
			name = Libraries;
			sourceTree = "<group>";
		};
		83CBB9F61A601CBA00E9B192 = {
			isa = PBXGroup;
			children = (
				13B07FAE1A68108700A75B9A /* LeelaChakraAiMobile */,
				832341AE1AAA6A7D00B99B32 /* Libraries */,
				00E356EF1AD99517003FC87E /* LeelaChakraAiMobileTests */,
				83CBBA001A601CBA00E9B192 /* Products */,
				2D16E6871FA4F8E400B85C8A /* Frameworks */,
				73753E3A2C60B03C00EE09C9 /* Fonts */,
				BBD78D7AC51CEA395F1C20DB /* Pods */,
			);
			indentWidth = 2;
			sourceTree = "<group>";
			tabWidth = 2;
			usesTabs = 0;
		};
		83CBBA001A601CBA00E9B192 /* Products */ = {
			isa = PBXGroup;
			children = (
				13B07F961A680F5B00A75B9A /* LeelaChakraAiMobile.app */,
				00E356EE1AD99517003FC87E /* LeelaChakraAiMobileTests.xctest */,
			);
			name = Products;
			sourceTree = "<group>";
		};
		BBD78D7AC51CEA395F1C20DB /* Pods */ = {
			isa = PBXGroup;
			children = (
				0BDCA2B115F29886ACCB20A5 /* Pods-LeelaChakraAiMobile.debug.xcconfig */,
				F75B74A88714774F57173FEA /* Pods-LeelaChakraAiMobile.release.xcconfig */,
				C01A71314A63BB890C0F4BD1 /* Pods-LeelaChakraAiMobile-LeelaChakraAiMobileTests.debug.xcconfig */,
				1804CEDD0E5DCC8FB9C55EFD /* Pods-LeelaChakraAiMobile-LeelaChakraAiMobileTests.release.xcconfig */,
			);
			path = Pods;
			sourceTree = "<group>";
		};
/* End PBXGroup section */

/* Begin PBXNativeTarget section */
		00E356ED1AD99517003FC87E /* LeelaChakraAiMobileTests */ = {
			isa = PBXNativeTarget;
			buildConfigurationList = 00E357021AD99517003FC87E /* Build configuration list for PBXNativeTarget "LeelaChakraAiMobileTests" */;
			buildPhases = (
				1E1B29F12562A1615060A2CE /* [CP] Check Pods Manifest.lock */,
				00E356EA1AD99517003FC87E /* Sources */,
				00E356EB1AD99517003FC87E /* Frameworks */,
				00E356EC1AD99517003FC87E /* Resources */,
				67F67834083A5FE3547684B7 /* [CP] Embed Pods Frameworks */,
				1969A87BA6A96EE1D7B639C3 /* [CP] Copy Pods Resources */,
			);
			buildRules = (
			);
			dependencies = (
				00E356F51AD99517003FC87E /* PBXTargetDependency */,
			);
			name = LeelaChakraAiMobileTests;
			productName = LeelaChakraAiMobileTests;
			productReference = 00E356EE1AD99517003FC87E /* LeelaChakraAiMobileTests.xctest */;
			productType = "com.apple.product-type.bundle.unit-test";
		};
		13B07F861A680F5B00A75B9A /* LeelaChakraAiMobile */ = {
			isa = PBXNativeTarget;
			buildConfigurationList = 13B07F931A680F5B00A75B9A /* Build configuration list for PBXNativeTarget "LeelaChakraAiMobile" */;
			buildPhases = (
				62B0DC3FEBAD4DE56029F12C /* [CP] Check Pods Manifest.lock */,
				13B07F871A680F5B00A75B9A /* Sources */,
				13B07F8C1A680F5B00A75B9A /* Frameworks */,
				13B07F8E1A680F5B00A75B9A /* Resources */,
				00DD1BFF1BD5951E006B06BC /* Bundle React Native code and images */,
				FFC46399CBDAF9D564785465 /* [CP] Embed Pods Frameworks */,
				45F2ED525B1718309091AD42 /* [CP] Copy Pods Resources */,
				777147C5DA25679E61E32A96 /* [CP-User] [RNFB] Core Configuration */,
			);
			buildRules = (
			);
			dependencies = (
			);
			name = LeelaChakraAiMobile;
			productName = LeelaChakraAiMobile;
			productReference = 13B07F961A680F5B00A75B9A /* LeelaChakraAiMobile.app */;
			productType = "com.apple.product-type.application";
		};
/* End PBXNativeTarget section */

/* Begin PBXProject section */
		83CBB9F71A601CBA00E9B192 /* Project object */ = {
			isa = PBXProject;
			attributes = {
				LastUpgradeCheck = 1210;
				TargetAttributes = {
					00E356ED1AD99517003FC87E = {
						CreatedOnToolsVersion = 6.2;
						TestTargetID = 13B07F861A680F5B00A75B9A;
					};
					13B07F861A680F5B00A75B9A = {
						LastSwiftMigration = 1120;
					};
				};
			};
			buildConfigurationList = 83CBB9FA1A601CBA00E9B192 /* Build configuration list for PBXProject "LeelaChakraAiMobile" */;
			compatibilityVersion = "Xcode 12.0";
			developmentRegion = en;
			hasScannedForEncodings = 0;
			knownRegions = (
				en,
				Base,
			);
			mainGroup = 83CBB9F61A601CBA00E9B192;
			productRefGroup = 83CBBA001A601CBA00E9B192 /* Products */;
			projectDirPath = "";
			projectRoot = "";
			targets = (
				13B07F861A680F5B00A75B9A /* LeelaChakraAiMobile */,
				00E356ED1AD99517003FC87E /* LeelaChakraAiMobileTests */,
			);
		};
/* End PBXProject section */

/* Begin PBXResourcesBuildPhase section */
		00E356EC1AD99517003FC87E /* Resources */ = {
			isa = PBXResourcesBuildPhase;
			buildActionMask = 2147483647;
			files = (
			);
			runOnlyForDeploymentPostprocessing = 0;
		};
		13B07F8E1A680F5B00A75B9A /* Resources */ = {
			isa = PBXResourcesBuildPhase;
			buildActionMask = 2147483647;
			files = (
				73753E782C60B0AC00EE09C9 /* Montserrat-MediumItalic.ttf in Resources */,
				73753E6D2C60B0AC00EE09C9 /* Montserrat-BlackItalic.ttf in Resources */,
				73753E792C60B0AC00EE09C9 /* Montserrat-ExtraLightItalic.ttf in Resources */,
				73753E7B2C60B0AC00EE09C9 /* etna-free-font.otf in Resources */,
				81AB9BB82411601600AC10FF /* LaunchScreen.storyboard in Resources */,
				73753E462C60B03C00EE09C9 /* Foundation.ttf in Resources */,
				73753E3D2C60B03C00EE09C9 /* Feather.ttf in Resources */,
				73753E432C60B03C00EE09C9 /* FontAwesome6_Regular.ttf in Resources */,
				73753E712C60B0AC00EE09C9 /* Montserrat-Medium.ttf in Resources */,
				73753E7A2C60B0AC00EE09C9 /* Montserrat-LightItalic.ttf in Resources */,
				73753E492C60B03C00EE09C9 /* MaterialIcons.ttf in Resources */,
				73753E4B2C60B03C00EE09C9 /* SimpleLineIcons.ttf in Resources */,
				73753E752C60B0AC00EE09C9 /* Montserrat-BoldItalic.ttf in Resources */,
				73753E6C2C60B0AC00EE09C9 /* Montserrat-Regular.ttf in Resources */,
				73753E722C60B0AC00EE09C9 /* Montserrat-Black.ttf in Resources */,
				73753E842C60B0AC00EE09C9 /* Montserrat-Italic.ttf in Resources */,
				73753E4C2C60B03C00EE09C9 /* Zocial.ttf in Resources */,
				73753E802C60B0AC00EE09C9 /* Montserrat-Thin.ttf in Resources */,
				73753E472C60B03C00EE09C9 /* Ionicons.ttf in Resources */,
				73753E6E2C60B0AC00EE09C9 /* Montserrat-SemiBold.ttf in Resources */,
				73753E732C60B0AC00EE09C9 /* NeutraText-BookItalic.otf in Resources */,
				73753E6F2C60B0AC00EE09C9 /* Montserrat-ExtraBoldItalic.ttf in Resources */,
				73753E402C60B03C00EE09C9 /* FontAwesome5_Regular.ttf in Resources */,
				73753E3C2C60B03C00EE09C9 /* EvilIcons.ttf in Resources */,
				73753E812C60B0AC00EE09C9 /* Montserrat-ThinItalic.ttf in Resources */,
				73753E3F2C60B03C00EE09C9 /* FontAwesome5_Brands.ttf in Resources */,
				73753E772C60B0AC00EE09C9 /* Montserrat-ExtraLight.ttf in Resources */,
				73753E742C60B0AC00EE09C9 /* IBM-Logo.ttf in Resources */,
				73753E442C60B03C00EE09C9 /* FontAwesome6_Solid.ttf in Resources */,
				73753E822C60B0AC00EE09C9 /* NeutraText-Bold.otf in Resources */,
				73753E4A2C60B03C00EE09C9 /* Octicons.ttf in Resources */,
				73753E692C60B0AC00EE09C9 /* Montserrat-ExtraBold.ttf in Resources */,
				73753E762C60B0AC00EE09C9 /* OxygenMono-Regular.otf in Resources */,
				73753E7C2C60B0AC00EE09C9 /* KLMN_Flash_Pix.ttf in Resources */,
				73753E7F2C60B0AC00EE09C9 /* Montserrat-Light.ttf in Resources */,
				73753E702C60B0AC00EE09C9 /* Montserrat-SemiBoldItalic.ttf in Resources */,
				73753E832C60B0AC00EE09C9 /* NeutraText-BoldItalic.otf in Resources */,
				73753E3E2C60B03C00EE09C9 /* FontAwesome.ttf in Resources */,
				73F538FE2C5FB41700BDFCCF /* GoogleService-Info.plist in Resources */,
				13B07FBF1A68108700A75B9A /* Images.xcassets in Resources */,
				73753E7E2C60B0AC00EE09C9 /* TheDolbak-Brush.ttf in Resources */,
				73753E7D2C60B0AC00EE09C9 /* 3270Narrow.ttf in Resources */,
				73753E3B2C60B03C00EE09C9 /* Entypo.ttf in Resources */,
				73753E6B2C60B0AC00EE09C9 /* NeutraText-Book.otf in Resources */,
				73753E412C60B03C00EE09C9 /* FontAwesome5_Solid.ttf in Resources */,
				73753E452C60B03C00EE09C9 /* Fontisto.ttf in Resources */,
				73753E6A2C60B0AC00EE09C9 /* Montserrat-Bold.ttf in Resources */,
				73753E422C60B03C00EE09C9 /* FontAwesome6_Brands.ttf in Resources */,
				73753E482C60B03C00EE09C9 /* MaterialCommunityIcons.ttf in Resources */,
				49DC0DAF8233AC22CD1D1AAD /* PrivacyInfo.xcprivacy in Resources */,
			);
			runOnlyForDeploymentPostprocessing = 0;
		};
/* End PBXResourcesBuildPhase section */

/* Begin PBXShellScriptBuildPhase section */
		00DD1BFF1BD5951E006B06BC /* Bundle React Native code and images */ = {
			isa = PBXShellScriptBuildPhase;
			buildActionMask = 2147483647;
			files = (
			);
			inputPaths = (
				"$(SRCROOT)/.xcode.env.local",
				"$(SRCROOT)/.xcode.env",
			);
			name = "Bundle React Native code and images";
			outputPaths = (
			);
			runOnlyForDeploymentPostprocessing = 0;
			shellPath = /bin/sh;
			shellScript = "set -e\n\nWITH_ENVIRONMENT=\"$REACT_NATIVE_PATH/scripts/xcode/with-environment.sh\"\nREACT_NATIVE_XCODE=\"$REACT_NATIVE_PATH/scripts/react-native-xcode.sh\"\n\n/bin/sh -c \"$WITH_ENVIRONMENT $REACT_NATIVE_XCODE\"\n";
		};
		1969A87BA6A96EE1D7B639C3 /* [CP] Copy Pods Resources */ = {
			isa = PBXShellScriptBuildPhase;
			buildActionMask = 2147483647;
			files = (
			);
			inputFileListPaths = (
				"${PODS_ROOT}/Target Support Files/Pods-LeelaChakraAiMobile-LeelaChakraAiMobileTests/Pods-LeelaChakraAiMobile-LeelaChakraAiMobileTests-resources-${CONFIGURATION}-input-files.xcfilelist",
			);
			name = "[CP] Copy Pods Resources";
			outputFileListPaths = (
				"${PODS_ROOT}/Target Support Files/Pods-LeelaChakraAiMobile-LeelaChakraAiMobileTests/Pods-LeelaChakraAiMobile-LeelaChakraAiMobileTests-resources-${CONFIGURATION}-output-files.xcfilelist",
			);
			runOnlyForDeploymentPostprocessing = 0;
			shellPath = /bin/sh;
			shellScript = "\"${PODS_ROOT}/Target Support Files/Pods-LeelaChakraAiMobile-LeelaChakraAiMobileTests/Pods-LeelaChakraAiMobile-LeelaChakraAiMobileTests-resources.sh\"\n";
			showEnvVarsInLog = 0;
		};
		1E1B29F12562A1615060A2CE /* [CP] Check Pods Manifest.lock */ = {
			isa = PBXShellScriptBuildPhase;
			buildActionMask = 2147483647;
			files = (
			);
			inputFileListPaths = (
			);
			inputPaths = (
				"${PODS_PODFILE_DIR_PATH}/Podfile.lock",
				"${PODS_ROOT}/Manifest.lock",
			);
			name = "[CP] Check Pods Manifest.lock";
			outputFileListPaths = (
			);
			outputPaths = (
				"$(DERIVED_FILE_DIR)/Pods-LeelaChakraAiMobile-LeelaChakraAiMobileTests-checkManifestLockResult.txt",
			);
			runOnlyForDeploymentPostprocessing = 0;
			shellPath = /bin/sh;
			shellScript = "diff \"${PODS_PODFILE_DIR_PATH}/Podfile.lock\" \"${PODS_ROOT}/Manifest.lock\" > /dev/null\nif [ $? != 0 ] ; then\n    # print error to STDERR\n    echo \"error: The sandbox is not in sync with the Podfile.lock. Run 'pod install' or update your CocoaPods installation.\" >&2\n    exit 1\nfi\n# This output is used by Xcode 'outputs' to avoid re-running this script phase.\necho \"SUCCESS\" > \"${SCRIPT_OUTPUT_FILE_0}\"\n";
			showEnvVarsInLog = 0;
		};
		45F2ED525B1718309091AD42 /* [CP] Copy Pods Resources */ = {
			isa = PBXShellScriptBuildPhase;
			buildActionMask = 2147483647;
			files = (
			);
			inputFileListPaths = (
				"${PODS_ROOT}/Target Support Files/Pods-LeelaChakraAiMobile/Pods-LeelaChakraAiMobile-resources-${CONFIGURATION}-input-files.xcfilelist",
			);
			name = "[CP] Copy Pods Resources";
			outputFileListPaths = (
				"${PODS_ROOT}/Target Support Files/Pods-LeelaChakraAiMobile/Pods-LeelaChakraAiMobile-resources-${CONFIGURATION}-output-files.xcfilelist",
			);
			runOnlyForDeploymentPostprocessing = 0;
			shellPath = /bin/sh;
			shellScript = "\"${PODS_ROOT}/Target Support Files/Pods-LeelaChakraAiMobile/Pods-LeelaChakraAiMobile-resources.sh\"\n";
			showEnvVarsInLog = 0;
		};
		62B0DC3FEBAD4DE56029F12C /* [CP] Check Pods Manifest.lock */ = {
			isa = PBXShellScriptBuildPhase;
			buildActionMask = 2147483647;
			files = (
			);
			inputFileListPaths = (
			);
			inputPaths = (
				"${PODS_PODFILE_DIR_PATH}/Podfile.lock",
				"${PODS_ROOT}/Manifest.lock",
			);
			name = "[CP] Check Pods Manifest.lock";
			outputFileListPaths = (
			);
			outputPaths = (
				"$(DERIVED_FILE_DIR)/Pods-LeelaChakraAiMobile-checkManifestLockResult.txt",
			);
			runOnlyForDeploymentPostprocessing = 0;
			shellPath = /bin/sh;
			shellScript = "diff \"${PODS_PODFILE_DIR_PATH}/Podfile.lock\" \"${PODS_ROOT}/Manifest.lock\" > /dev/null\nif [ $? != 0 ] ; then\n    # print error to STDERR\n    echo \"error: The sandbox is not in sync with the Podfile.lock. Run 'pod install' or update your CocoaPods installation.\" >&2\n    exit 1\nfi\n# This output is used by Xcode 'outputs' to avoid re-running this script phase.\necho \"SUCCESS\" > \"${SCRIPT_OUTPUT_FILE_0}\"\n";
			showEnvVarsInLog = 0;
		};
		67F67834083A5FE3547684B7 /* [CP] Embed Pods Frameworks */ = {
			isa = PBXShellScriptBuildPhase;
			buildActionMask = 2147483647;
			files = (
			);
			inputFileListPaths = (
				"${PODS_ROOT}/Target Support Files/Pods-LeelaChakraAiMobile-LeelaChakraAiMobileTests/Pods-LeelaChakraAiMobile-LeelaChakraAiMobileTests-frameworks-${CONFIGURATION}-input-files.xcfilelist",
			);
			name = "[CP] Embed Pods Frameworks";
			outputFileListPaths = (
				"${PODS_ROOT}/Target Support Files/Pods-LeelaChakraAiMobile-LeelaChakraAiMobileTests/Pods-LeelaChakraAiMobile-LeelaChakraAiMobileTests-frameworks-${CONFIGURATION}-output-files.xcfilelist",
			);
			runOnlyForDeploymentPostprocessing = 0;
			shellPath = /bin/sh;
			shellScript = "\"${PODS_ROOT}/Target Support Files/Pods-LeelaChakraAiMobile-LeelaChakraAiMobileTests/Pods-LeelaChakraAiMobile-LeelaChakraAiMobileTests-frameworks.sh\"\n";
			showEnvVarsInLog = 0;
		};
		777147C5DA25679E61E32A96 /* [CP-User] [RNFB] Core Configuration */ = {
			isa = PBXShellScriptBuildPhase;
			buildActionMask = 2147483647;
			files = (
			);
			inputPaths = (
				"$(BUILT_PRODUCTS_DIR)/$(INFOPLIST_PATH)",
			);
			name = "[CP-User] [RNFB] Core Configuration";
			runOnlyForDeploymentPostprocessing = 0;
			shellPath = /bin/sh;
			shellScript = "#!/usr/bin/env bash\n#\n# Copyright (c) 2016-present Invertase Limited & Contributors\n#\n# Licensed under the Apache License, Version 2.0 (the \"License\");\n# you may not use this library except in compliance with the License.\n# You may obtain a copy of the License at\n#\n#   http://www.apache.org/licenses/LICENSE-2.0\n#\n# Unless required by applicable law or agreed to in writing, software\n# distributed under the License is distributed on an \"AS IS\" BASIS,\n# WITHOUT WARRANTIES OR CONDITIONS OF ANY KIND, either express or implied.\n# See the License for the specific language governing permissions and\n# limitations under the License.\n#\n\n##########################################################################\n##########################################################################\n#\n#  NOTE THAT IF YOU CHANGE THIS FILE YOU MUST RUN pod install AFTERWARDS\n#\n#  This file is installed as an Xcode build script in the project file\n#  by cocoapods, and you will not see your changes until you pod install\n#\n##########################################################################\n##########################################################################\n\nset -e\n\n_MAX_LOOKUPS=2;\n_SEARCH_RESULT=''\n_RN_ROOT_EXISTS=''\n_CURRENT_LOOKUPS=1\n_JSON_ROOT=\"'react-native'\"\n_JSON_FILE_NAME='firebase.json'\n_JSON_OUTPUT_BASE64='e30=' # { }\n_CURRENT_SEARCH_DIR=${PROJECT_DIR}\n_PLIST_BUDDY=/usr/libexec/PlistBuddy\n_TARGET_PLIST=\"${BUILT_PRODUCTS_DIR}/${INFOPLIST_PATH}\"\n_DSYM_PLIST=\"${DWARF_DSYM_FOLDER_PATH}/${DWARF_DSYM_FILE_NAME}/Contents/Info.plist\"\n\n# plist arrays\n_PLIST_ENTRY_KEYS=()\n_PLIST_ENTRY_TYPES=()\n_PLIST_ENTRY_VALUES=()\n\nfunction setPlistValue {\n  echo \"info:      setting plist entry '$1' of type '$2' in file '$4'\"\n  ${_PLIST_BUDDY} -c \"Add :$1 $2 '$3'\" $4 || echo \"info:      '$1' already exists\"\n}\n\nfunction getFirebaseJsonKeyValue () {\n  if [[ ${_RN_ROOT_EXISTS} ]]; then\n    ruby -Ku -e \"require 'rubygems';require 'json'; output=JSON.parse('$1'); puts output[$_JSON_ROOT]['$2']\"\n  else\n    echo \"\"\n  fi;\n}\n\nfunction jsonBoolToYesNo () {\n  if [[ $1 == \"false\" ]]; then\n    echo \"NO\"\n  elif [[ $1 == \"true\" ]]; then\n    echo \"YES\"\n  else echo \"NO\"\n  fi\n}\n\necho \"info: -> RNFB build script started\"\necho \"info: 1) Locating ${_JSON_FILE_NAME} file:\"\n\nif [[ -z ${_CURRENT_SEARCH_DIR} ]]; then\n  _CURRENT_SEARCH_DIR=$(pwd)\nfi;\n\nwhile true; do\n  _CURRENT_SEARCH_DIR=$(dirname \"$_CURRENT_SEARCH_DIR\")\n  if [[ \"$_CURRENT_SEARCH_DIR\" == \"/\" ]] || [[ ${_CURRENT_LOOKUPS} -gt ${_MAX_LOOKUPS} ]]; then break; fi;\n  echo \"info:      ($_CURRENT_LOOKUPS of $_MAX_LOOKUPS) Searching in '$_CURRENT_SEARCH_DIR' for a ${_JSON_FILE_NAME} file.\"\n  _SEARCH_RESULT=$(find \"$_CURRENT_SEARCH_DIR\" -maxdepth 2 -name ${_JSON_FILE_NAME} -print | /usr/bin/head -n 1)\n  if [[ ${_SEARCH_RESULT} ]]; then\n    echo \"info:      ${_JSON_FILE_NAME} found at $_SEARCH_RESULT\"\n    break;\n  fi;\n  _CURRENT_LOOKUPS=$((_CURRENT_LOOKUPS+1))\ndone\n\nif [[ ${_SEARCH_RESULT} ]]; then\n  _JSON_OUTPUT_RAW=$(cat \"${_SEARCH_RESULT}\")\n  _RN_ROOT_EXISTS=$(ruby -Ku -e \"require 'rubygems';require 'json'; output=JSON.parse('$_JSON_OUTPUT_RAW'); puts output[$_JSON_ROOT]\" || echo '')\n\n  if [[ ${_RN_ROOT_EXISTS} ]]; then\n    if ! python3 --version >/dev/null 2>&1; then echo \"python3 not found, firebase.json file processing error.\" && exit 1; fi\n    _JSON_OUTPUT_BASE64=$(python3 -c 'import json,sys,base64;print(base64.b64encode(bytes(json.dumps(json.loads(open('\"'${_SEARCH_RESULT}'\"', '\"'rb'\"').read())['${_JSON_ROOT}']), '\"'utf-8'\"')).decode())' || echo \"e30=\")\n  fi\n\n  _PLIST_ENTRY_KEYS+=(\"firebase_json_raw\")\n  _PLIST_ENTRY_TYPES+=(\"string\")\n  _PLIST_ENTRY_VALUES+=(\"$_JSON_OUTPUT_BASE64\")\n\n  # config.app_data_collection_default_enabled\n  _APP_DATA_COLLECTION_ENABLED=$(getFirebaseJsonKeyValue \"$_JSON_OUTPUT_RAW\" \"app_data_collection_default_enabled\")\n  if [[ $_APP_DATA_COLLECTION_ENABLED ]]; then\n    _PLIST_ENTRY_KEYS+=(\"FirebaseDataCollectionDefaultEnabled\")\n    _PLIST_ENTRY_TYPES+=(\"bool\")\n    _PLIST_ENTRY_VALUES+=(\"$(jsonBoolToYesNo \"$_APP_DATA_COLLECTION_ENABLED\")\")\n  fi\n\n  # config.analytics_auto_collection_enabled\n  _ANALYTICS_AUTO_COLLECTION=$(getFirebaseJsonKeyValue \"$_JSON_OUTPUT_RAW\" \"analytics_auto_collection_enabled\")\n  if [[ $_ANALYTICS_AUTO_COLLECTION ]]; then\n    _PLIST_ENTRY_KEYS+=(\"FIREBASE_ANALYTICS_COLLECTION_ENABLED\")\n    _PLIST_ENTRY_TYPES+=(\"bool\")\n    _PLIST_ENTRY_VALUES+=(\"$(jsonBoolToYesNo \"$_ANALYTICS_AUTO_COLLECTION\")\")\n  fi\n\n  # config.analytics_collection_deactivated\n  _ANALYTICS_DEACTIVATED=$(getFirebaseJsonKeyValue \"$_JSON_OUTPUT_RAW\" \"analytics_collection_deactivated\")\n  if [[ $_ANALYTICS_DEACTIVATED ]]; then\n    _PLIST_ENTRY_KEYS+=(\"FIREBASE_ANALYTICS_COLLECTION_DEACTIVATED\")\n    _PLIST_ENTRY_TYPES+=(\"bool\")\n    _PLIST_ENTRY_VALUES+=(\"$(jsonBoolToYesNo \"$_ANALYTICS_DEACTIVATED\")\")\n  fi\n\n  # config.analytics_idfv_collection_enabled\n  _ANALYTICS_IDFV_COLLECTION=$(getFirebaseJsonKeyValue \"$_JSON_OUTPUT_RAW\" \"analytics_idfv_collection_enabled\")\n  if [[ $_ANALYTICS_IDFV_COLLECTION ]]; then\n    _PLIST_ENTRY_KEYS+=(\"GOOGLE_ANALYTICS_IDFV_COLLECTION_ENABLED\")\n    _PLIST_ENTRY_TYPES+=(\"bool\")\n    _PLIST_ENTRY_VALUES+=(\"$(jsonBoolToYesNo \"$_ANALYTICS_IDFV_COLLECTION\")\")\n  fi\n\n  # config.analytics_default_allow_analytics_storage\n  _ANALYTICS_STORAGE=$(getFirebaseJsonKeyValue \"$_JSON_OUTPUT_RAW\" \"analytics_default_allow_analytics_storage\")\n  if [[ $_ANALYTICS_STORAGE ]]; then\n    _PLIST_ENTRY_KEYS+=(\"GOOGLE_ANALYTICS_DEFAULT_ALLOW_ANALYTICS_STORAGE\")\n    _PLIST_ENTRY_TYPES+=(\"bool\")\n    _PLIST_ENTRY_VALUES+=(\"$(jsonBoolToYesNo \"$_ANALYTICS_STORAGE\")\")\n  fi\n\n  # config.analytics_default_allow_ad_storage\n  _ANALYTICS_AD_STORAGE=$(getFirebaseJsonKeyValue \"$_JSON_OUTPUT_RAW\" \"analytics_default_allow_ad_storage\")\n  if [[ $_ANALYTICS_AD_STORAGE ]]; then\n    _PLIST_ENTRY_KEYS+=(\"GOOGLE_ANALYTICS_DEFAULT_ALLOW_AD_STORAGE\")\n    _PLIST_ENTRY_TYPES+=(\"bool\")\n    _PLIST_ENTRY_VALUES+=(\"$(jsonBoolToYesNo \"$_ANALYTICS_AD_STORAGE\")\")\n  fi\n\n  # config.analytics_default_allow_ad_user_data\n  _ANALYTICS_AD_USER_DATA=$(getFirebaseJsonKeyValue \"$_JSON_OUTPUT_RAW\" \"analytics_default_allow_ad_user_data\")\n  if [[ $_ANALYTICS_AD_USER_DATA ]]; then\n    _PLIST_ENTRY_KEYS+=(\"GOOGLE_ANALYTICS_DEFAULT_ALLOW_AD_USER_DATA\")\n    _PLIST_ENTRY_TYPES+=(\"bool\")\n    _PLIST_ENTRY_VALUES+=(\"$(jsonBoolToYesNo \"$_ANALYTICS_AD_USER_DATA\")\")\n  fi\n\n  # config.analytics_default_allow_ad_personalization_signals\n  _ANALYTICS_PERSONALIZATION=$(getFirebaseJsonKeyValue \"$_JSON_OUTPUT_RAW\" \"analytics_default_allow_ad_personalization_signals\")\n  if [[ $_ANALYTICS_PERSONALIZATION ]]; then\n    _PLIST_ENTRY_KEYS+=(\"GOOGLE_ANALYTICS_DEFAULT_ALLOW_AD_PERSONALIZATION_SIGNALS\")\n    _PLIST_ENTRY_TYPES+=(\"bool\")\n    _PLIST_ENTRY_VALUES+=(\"$(jsonBoolToYesNo \"$_ANALYTICS_PERSONALIZATION\")\")\n  fi\n\n  # config.analytics_registration_with_ad_network_enabled\n  _ANALYTICS_REGISTRATION_WITH_AD_NETWORK=$(getFirebaseJsonKeyValue \"$_JSON_OUTPUT_RAW\" \"google_analytics_registration_with_ad_network_enabled\")\n  if [[ $_ANALYTICS_REGISTRATION_WITH_AD_NETWORK ]]; then\n    _PLIST_ENTRY_KEYS+=(\"GOOGLE_ANALYTICS_REGISTRATION_WITH_AD_NETWORK_ENABLED\")\n    _PLIST_ENTRY_TYPES+=(\"bool\")\n    _PLIST_ENTRY_VALUES+=(\"$(jsonBoolToYesNo \"$_ANALYTICS_REGISTRATION_WITH_AD_NETWORK\")\")\n  fi\n\n  # config.google_analytics_automatic_screen_reporting_enabled\n  _ANALYTICS_AUTO_SCREEN_REPORTING=$(getFirebaseJsonKeyValue \"$_JSON_OUTPUT_RAW\" \"google_analytics_automatic_screen_reporting_enabled\")\n  if [[ $_ANALYTICS_AUTO_SCREEN_REPORTING ]]; then\n    _PLIST_ENTRY_KEYS+=(\"FirebaseAutomaticScreenReportingEnabled\")\n    _PLIST_ENTRY_TYPES+=(\"bool\")\n    _PLIST_ENTRY_VALUES+=(\"$(jsonBoolToYesNo \"$_ANALYTICS_AUTO_SCREEN_REPORTING\")\")\n  fi\n\n  # config.perf_auto_collection_enabled\n  _PERF_AUTO_COLLECTION=$(getFirebaseJsonKeyValue \"$_JSON_OUTPUT_RAW\" \"perf_auto_collection_enabled\")\n  if [[ $_PERF_AUTO_COLLECTION ]]; then\n    _PLIST_ENTRY_KEYS+=(\"firebase_performance_collection_enabled\")\n    _PLIST_ENTRY_TYPES+=(\"bool\")\n    _PLIST_ENTRY_VALUES+=(\"$(jsonBoolToYesNo \"$_PERF_AUTO_COLLECTION\")\")\n  fi\n\n  # config.perf_collection_deactivated\n  _PERF_DEACTIVATED=$(getFirebaseJsonKeyValue \"$_JSON_OUTPUT_RAW\" \"perf_collection_deactivated\")\n  if [[ $_PERF_DEACTIVATED ]]; then\n    _PLIST_ENTRY_KEYS+=(\"firebase_performance_collection_deactivated\")\n    _PLIST_ENTRY_TYPES+=(\"bool\")\n    _PLIST_ENTRY_VALUES+=(\"$(jsonBoolToYesNo \"$_PERF_DEACTIVATED\")\")\n  fi\n\n  # config.messaging_auto_init_enabled\n  _MESSAGING_AUTO_INIT=$(getFirebaseJsonKeyValue \"$_JSON_OUTPUT_RAW\" \"messaging_auto_init_enabled\")\n  if [[ $_MESSAGING_AUTO_INIT ]]; then\n    _PLIST_ENTRY_KEYS+=(\"FirebaseMessagingAutoInitEnabled\")\n    _PLIST_ENTRY_TYPES+=(\"bool\")\n    _PLIST_ENTRY_VALUES+=(\"$(jsonBoolToYesNo \"$_MESSAGING_AUTO_INIT\")\")\n  fi\n\n  # config.in_app_messaging_auto_colllection_enabled\n  _FIAM_AUTO_INIT=$(getFirebaseJsonKeyValue \"$_JSON_OUTPUT_RAW\" \"in_app_messaging_auto_collection_enabled\")\n  if [[ $_FIAM_AUTO_INIT ]]; then\n    _PLIST_ENTRY_KEYS+=(\"FirebaseInAppMessagingAutomaticDataCollectionEnabled\")\n    _PLIST_ENTRY_TYPES+=(\"bool\")\n    _PLIST_ENTRY_VALUES+=(\"$(jsonBoolToYesNo \"$_FIAM_AUTO_INIT\")\")\n  fi\n\n  # config.app_check_token_auto_refresh\n  _APP_CHECK_TOKEN_AUTO_REFRESH=$(getFirebaseJsonKeyValue \"$_JSON_OUTPUT_RAW\" \"app_check_token_auto_refresh\")\n  if [[ $_APP_CHECK_TOKEN_AUTO_REFRESH ]]; then\n    _PLIST_ENTRY_KEYS+=(\"FirebaseAppCheckTokenAutoRefreshEnabled\")\n    _PLIST_ENTRY_TYPES+=(\"bool\")\n    _PLIST_ENTRY_VALUES+=(\"$(jsonBoolToYesNo \"$_APP_CHECK_TOKEN_AUTO_REFRESH\")\")\n  fi\n\n  # config.crashlytics_disable_auto_disabler - undocumented for now - mainly for debugging, document if becomes useful\n  _CRASHLYTICS_AUTO_DISABLE_ENABLED=$(getFirebaseJsonKeyValue \"$_JSON_OUTPUT_RAW\" \"crashlytics_disable_auto_disabler\")\n  if [[ $_CRASHLYTICS_AUTO_DISABLE_ENABLED == \"true\" ]]; then\n    echo \"Disabled Crashlytics auto disabler.\" # do nothing\n  else\n    _PLIST_ENTRY_KEYS+=(\"FirebaseCrashlyticsCollectionEnabled\")\n    _PLIST_ENTRY_TYPES+=(\"bool\")\n    _PLIST_ENTRY_VALUES+=(\"NO\")\n  fi\nelse\n  _PLIST_ENTRY_KEYS+=(\"firebase_json_raw\")\n  _PLIST_ENTRY_TYPES+=(\"string\")\n  _PLIST_ENTRY_VALUES+=(\"$_JSON_OUTPUT_BASE64\")\n  echo \"warning:   A firebase.json file was not found, whilst this file is optional it is recommended to include it to configure firebase services in React Native Firebase.\"\nfi;\n\necho \"info: 2) Injecting Info.plist entries: \"\n\n# Log out the keys we're adding\nfor i in \"${!_PLIST_ENTRY_KEYS[@]}\"; do\n  echo \"    ->  $i) ${_PLIST_ENTRY_KEYS[$i]}\" \"${_PLIST_ENTRY_TYPES[$i]}\" \"${_PLIST_ENTRY_VALUES[$i]}\"\ndone\n\nfor plist in \"${_TARGET_PLIST}\" \"${_DSYM_PLIST}\" ; do\n  if [[ -f \"${plist}\" ]]; then\n\n    # paths with spaces break the call to setPlistValue. temporarily modify\n    # the shell internal field separator variable (IFS), which normally\n    # includes spaces, to consist only of line breaks\n    oldifs=$IFS\n    IFS=\"\n\"\n\n    for i in \"${!_PLIST_ENTRY_KEYS[@]}\"; do\n      setPlistValue \"${_PLIST_ENTRY_KEYS[$i]}\" \"${_PLIST_ENTRY_TYPES[$i]}\" \"${_PLIST_ENTRY_VALUES[$i]}\" \"${plist}\"\n    done\n\n    # restore the original internal field separator value\n    IFS=$oldifs\n  else\n    echo \"warning:   A Info.plist build output file was not found (${plist})\"\n  fi\ndone\n\necho \"info: <- RNFB build script finished\"\n";
		};
		FFC46399CBDAF9D564785465 /* [CP] Embed Pods Frameworks */ = {
			isa = PBXShellScriptBuildPhase;
			buildActionMask = 2147483647;
			files = (
			);
			inputFileListPaths = (
				"${PODS_ROOT}/Target Support Files/Pods-LeelaChakraAiMobile/Pods-LeelaChakraAiMobile-frameworks-${CONFIGURATION}-input-files.xcfilelist",
			);
			name = "[CP] Embed Pods Frameworks";
			outputFileListPaths = (
				"${PODS_ROOT}/Target Support Files/Pods-LeelaChakraAiMobile/Pods-LeelaChakraAiMobile-frameworks-${CONFIGURATION}-output-files.xcfilelist",
			);
			runOnlyForDeploymentPostprocessing = 0;
			shellPath = /bin/sh;
			shellScript = "\"${PODS_ROOT}/Target Support Files/Pods-LeelaChakraAiMobile/Pods-LeelaChakraAiMobile-frameworks.sh\"\n";
			showEnvVarsInLog = 0;
		};
/* End PBXShellScriptBuildPhase section */

/* Begin PBXSourcesBuildPhase section */
		00E356EA1AD99517003FC87E /* Sources */ = {
			isa = PBXSourcesBuildPhase;
			buildActionMask = 2147483647;
			files = (
				00E356F31AD99517003FC87E /* LeelaChakraAiMobileTests.m in Sources */,
			);
			runOnlyForDeploymentPostprocessing = 0;
		};
		13B07F871A680F5B00A75B9A /* Sources */ = {
			isa = PBXSourcesBuildPhase;
			buildActionMask = 2147483647;
			files = (
				13B07FBC1A68108700A75B9A /* AppDelegate.mm in Sources */,
				13B07FC11A68108700A75B9A /* main.m in Sources */,
			);
			runOnlyForDeploymentPostprocessing = 0;
		};
/* End PBXSourcesBuildPhase section */

/* Begin PBXTargetDependency section */
		00E356F51AD99517003FC87E /* PBXTargetDependency */ = {
			isa = PBXTargetDependency;
			target = 13B07F861A680F5B00A75B9A /* LeelaChakraAiMobile */;
			targetProxy = 00E356F41AD99517003FC87E /* PBXContainerItemProxy */;
		};
/* End PBXTargetDependency section */

/* Begin XCBuildConfiguration section */
		00E356F61AD99517003FC87E /* Debug */ = {
			isa = XCBuildConfiguration;
			baseConfigurationReference = C01A71314A63BB890C0F4BD1 /* Pods-LeelaChakraAiMobile-LeelaChakraAiMobileTests.debug.xcconfig */;
			buildSettings = {
				BUNDLE_LOADER = "$(TEST_HOST)";
				DEVELOPMENT_TEAM = 5EM4M85VSQ;
				GCC_PREPROCESSOR_DEFINITIONS = (
					"DEBUG=1",
					"$(inherited)",
				);
				INFOPLIST_FILE = LeelaChakraAiMobileTests/Info.plist;
				IPHONEOS_DEPLOYMENT_TARGET = 13.4;
				LD_RUNPATH_SEARCH_PATHS = (
					"$(inherited)",
					"@executable_path/Frameworks",
					"@loader_path/Frameworks",
				);
				OTHER_LDFLAGS = (
					"-ObjC",
					"-lc++",
					"$(inherited)",
				);
				PRODUCT_BUNDLE_IDENTIFIER = "org.reactjs.native.example.$(PRODUCT_NAME:rfc1034identifier)";
				PRODUCT_NAME = "$(TARGET_NAME)";
				TEST_HOST = "$(BUILT_PRODUCTS_DIR)/LeelaChakraAiMobile.app/LeelaChakraAiMobile";
			};
			name = Debug;
		};
		00E356F71AD99517003FC87E /* Release */ = {
			isa = XCBuildConfiguration;
			baseConfigurationReference = 1804CEDD0E5DCC8FB9C55EFD /* Pods-LeelaChakraAiMobile-LeelaChakraAiMobileTests.release.xcconfig */;
			buildSettings = {
				BUNDLE_LOADER = "$(TEST_HOST)";
				COPY_PHASE_STRIP = NO;
				DEVELOPMENT_TEAM = 5EM4M85VSQ;
				INFOPLIST_FILE = LeelaChakraAiMobileTests/Info.plist;
				IPHONEOS_DEPLOYMENT_TARGET = 13.4;
				LD_RUNPATH_SEARCH_PATHS = (
					"$(inherited)",
					"@executable_path/Frameworks",
					"@loader_path/Frameworks",
				);
				OTHER_LDFLAGS = (
					"-ObjC",
					"-lc++",
					"$(inherited)",
				);
				PRODUCT_BUNDLE_IDENTIFIER = "org.reactjs.native.example.$(PRODUCT_NAME:rfc1034identifier)";
				PRODUCT_NAME = "$(TARGET_NAME)";
				TEST_HOST = "$(BUILT_PRODUCTS_DIR)/LeelaChakraAiMobile.app/LeelaChakraAiMobile";
			};
			name = Release;
		};
		13B07F941A680F5B00A75B9A /* Debug */ = {
			isa = XCBuildConfiguration;
			baseConfigurationReference = 0BDCA2B115F29886ACCB20A5 /* Pods-LeelaChakraAiMobile.debug.xcconfig */;
			buildSettings = {
				ASSETCATALOG_COMPILER_APPICON_NAME = AppIcon;
				ASSETCATALOG_COMPILER_INCLUDE_ALL_APPICON_ASSETS = YES;
				CLANG_ENABLE_MODULES = YES;
				CURRENT_PROJECT_VERSION = 2;
				DEVELOPMENT_TEAM = 5EM4M85VSQ;
				ENABLE_BITCODE = NO;
				INFOPLIST_FILE = LeelaChakraAiMobile/Info.plist;
				INFOPLIST_KEY_CFBundleDisplayName = "Leela Chakra Ai";
				INFOPLIST_KEY_LSApplicationCategoryType = "public.app-category.games";
				IPHONEOS_DEPLOYMENT_TARGET = 8.0;
				LD_RUNPATH_SEARCH_PATHS = (
					"$(inherited)",
					"@executable_path/Frameworks",
				);
				MARKETING_VERSION = 6.9;
				OTHER_LDFLAGS = (
					"$(inherited)",
					"-ObjC",
					"-lc++",
				);
				PRODUCT_BUNDLE_IDENTIFIER = xyz.ghashtag.dharma;
				PRODUCT_NAME = LeelaChakraAiMobile;
				SWIFT_OPTIMIZATION_LEVEL = "-Onone";
				SWIFT_VERSION = 5.0;
				TARGETED_DEVICE_FAMILY = "1,2";
				VERSIONING_SYSTEM = "apple-generic";
			};
			name = Debug;
		};
		13B07F951A680F5B00A75B9A /* Release */ = {
			isa = XCBuildConfiguration;
			baseConfigurationReference = F75B74A88714774F57173FEA /* Pods-LeelaChakraAiMobile.release.xcconfig */;
			buildSettings = {
				ASSETCATALOG_COMPILER_APPICON_NAME = AppIcon;
				ASSETCATALOG_COMPILER_INCLUDE_ALL_APPICON_ASSETS = YES;
				CLANG_ENABLE_MODULES = YES;
				CURRENT_PROJECT_VERSION = 2;
				DEVELOPMENT_TEAM = 5EM4M85VSQ;
				INFOPLIST_FILE = LeelaChakraAiMobile/Info.plist;
				INFOPLIST_KEY_CFBundleDisplayName = "Leela Chakra Ai";
				INFOPLIST_KEY_LSApplicationCategoryType = "public.app-category.games";
				IPHONEOS_DEPLOYMENT_TARGET = 8.0;
				LD_RUNPATH_SEARCH_PATHS = (
					"$(inherited)",
					"@executable_path/Frameworks",
				);
				MARKETING_VERSION = 6.9;
				OTHER_LDFLAGS = (
					"$(inherited)",
					"-ObjC",
					"-lc++",
				);
				PRODUCT_BUNDLE_IDENTIFIER = xyz.ghashtag.dharma;
				PRODUCT_NAME = LeelaChakraAiMobile;
				SWIFT_VERSION = 5.0;
				TARGETED_DEVICE_FAMILY = "1,2";
				VERSIONING_SYSTEM = "apple-generic";
			};
			name = Release;
		};
		83CBBA201A601CBA00E9B192 /* Debug */ = {
			isa = XCBuildConfiguration;
			buildSettings = {
				ALWAYS_SEARCH_USER_PATHS = NO;
				CC = "";
				CLANG_ANALYZER_LOCALIZABILITY_NONLOCALIZED = YES;
				CLANG_CXX_LANGUAGE_STANDARD = "c++20";
				CLANG_CXX_LIBRARY = "libc++";
				CLANG_ENABLE_MODULES = YES;
				CLANG_ENABLE_OBJC_ARC = YES;
				CLANG_WARN_BLOCK_CAPTURE_AUTORELEASING = YES;
				CLANG_WARN_BOOL_CONVERSION = YES;
				CLANG_WARN_COMMA = YES;
				CLANG_WARN_CONSTANT_CONVERSION = YES;
				CLANG_WARN_DEPRECATED_OBJC_IMPLEMENTATIONS = YES;
				CLANG_WARN_DIRECT_OBJC_ISA_USAGE = YES_ERROR;
				CLANG_WARN_EMPTY_BODY = YES;
				CLANG_WARN_ENUM_CONVERSION = YES;
				CLANG_WARN_INFINITE_RECURSION = YES;
				CLANG_WARN_INT_CONVERSION = YES;
				CLANG_WARN_NON_LITERAL_NULL_CONVERSION = YES;
				CLANG_WARN_OBJC_IMPLICIT_RETAIN_SELF = YES;
				CLANG_WARN_OBJC_LITERAL_CONVERSION = YES;
				CLANG_WARN_OBJC_ROOT_CLASS = YES_ERROR;
				CLANG_WARN_QUOTED_INCLUDE_IN_FRAMEWORK_HEADER = YES;
				CLANG_WARN_RANGE_LOOP_ANALYSIS = YES;
				CLANG_WARN_STRICT_PROTOTYPES = YES;
				CLANG_WARN_SUSPICIOUS_MOVE = YES;
				CLANG_WARN_UNREACHABLE_CODE = YES;
				CLANG_WARN__DUPLICATE_METHOD_MATCH = YES;
				"CODE_SIGN_IDENTITY[sdk=iphoneos*]" = "iPhone Developer";
				COPY_PHASE_STRIP = NO;
				CXX = "";
				ENABLE_STRICT_OBJC_MSGSEND = YES;
				ENABLE_TESTABILITY = YES;
				"EXCLUDED_ARCHS[sdk=iphonesimulator*]" = "";
				GCC_C_LANGUAGE_STANDARD = gnu99;
				GCC_DYNAMIC_NO_PIC = NO;
				GCC_NO_COMMON_BLOCKS = YES;
				GCC_OPTIMIZATION_LEVEL = 0;
				GCC_PREPROCESSOR_DEFINITIONS = (
					"DEBUG=1",
					"$(inherited)",
				);
				GCC_SYMBOLS_PRIVATE_EXTERN = NO;
				GCC_WARN_64_TO_32_BIT_CONVERSION = YES;
				GCC_WARN_ABOUT_RETURN_TYPE = YES_ERROR;
				GCC_WARN_UNDECLARED_SELECTOR = YES;
				GCC_WARN_UNINITIALIZED_AUTOS = YES_AGGRESSIVE;
				GCC_WARN_UNUSED_FUNCTION = YES;
				GCC_WARN_UNUSED_VARIABLE = YES;
				HEADER_SEARCH_PATHS = (
					"$(inherited)",
					"${PODS_CONFIGURATION_BUILD_DIR}/ReactCommon/ReactCommon.framework/Headers",
					"${PODS_CONFIGURATION_BUILD_DIR}/ReactCommon/ReactCommon.framework/Headers/react/nativemodule/core",
					"${PODS_CONFIGURATION_BUILD_DIR}/ReactCommon-Samples/ReactCommon_Samples.framework/Headers",
					"${PODS_CONFIGURATION_BUILD_DIR}/ReactCommon-Samples/ReactCommon_Samples.framework/Headers/platform/ios",
					"${PODS_CONFIGURATION_BUILD_DIR}/React-Fabric/React_Fabric.framework/Headers/react/renderer/components/view/platform/cxx",
					"${PODS_CONFIGURATION_BUILD_DIR}/React-NativeModulesApple/React_NativeModulesApple.framework/Headers",
					"${PODS_CONFIGURATION_BUILD_DIR}/React-graphics/React_graphics.framework/Headers",
					"${PODS_CONFIGURATION_BUILD_DIR}/React-graphics/React_graphics.framework/Headers/react/renderer/graphics/platform/ios",
				);
				IPHONEOS_DEPLOYMENT_TARGET = 13.4;
				LD = "";
				LDPLUSPLUS = "";
				LD_RUNPATH_SEARCH_PATHS = (
					/usr/lib/swift,
					"$(inherited)",
				);
				LIBRARY_SEARCH_PATHS = (
					"\"$(SDKROOT)/usr/lib/swift\"",
					"\"$(TOOLCHAIN_DIR)/usr/lib/swift/$(PLATFORM_NAME)\"",
					"\"$(inherited)\"",
				);
				MTL_ENABLE_DEBUG_INFO = YES;
				ONLY_ACTIVE_ARCH = YES;
				OTHER_CPLUSPLUSFLAGS = (
					"$(OTHER_CFLAGS)",
					"-DFOLLY_NO_CONFIG",
					"-DFOLLY_MOBILE=1",
					"-DFOLLY_USE_LIBCPP=1",
					"-DFOLLY_CFG_NO_COROUTINES=1",
					"-DFOLLY_HAVE_CLOCK_GETTIME=1",
				);
				OTHER_LDFLAGS = "$(inherited)  ";
				REACT_NATIVE_PATH = "${PODS_ROOT}/../../node_modules/react-native";
				SDKROOT = iphoneos;
				USE_HERMES = true;
			};
			name = Debug;
		};
		83CBBA211A601CBA00E9B192 /* Release */ = {
			isa = XCBuildConfiguration;
			buildSettings = {
				ALWAYS_SEARCH_USER_PATHS = NO;
				CC = "";
				CLANG_ANALYZER_LOCALIZABILITY_NONLOCALIZED = YES;
				CLANG_CXX_LANGUAGE_STANDARD = "c++20";
				CLANG_CXX_LIBRARY = "libc++";
				CLANG_ENABLE_MODULES = YES;
				CLANG_ENABLE_OBJC_ARC = YES;
				CLANG_WARN_BLOCK_CAPTURE_AUTORELEASING = YES;
				CLANG_WARN_BOOL_CONVERSION = YES;
				CLANG_WARN_COMMA = YES;
				CLANG_WARN_CONSTANT_CONVERSION = YES;
				CLANG_WARN_DEPRECATED_OBJC_IMPLEMENTATIONS = YES;
				CLANG_WARN_DIRECT_OBJC_ISA_USAGE = YES_ERROR;
				CLANG_WARN_EMPTY_BODY = YES;
				CLANG_WARN_ENUM_CONVERSION = YES;
				CLANG_WARN_INFINITE_RECURSION = YES;
				CLANG_WARN_INT_CONVERSION = YES;
				CLANG_WARN_NON_LITERAL_NULL_CONVERSION = YES;
				CLANG_WARN_OBJC_IMPLICIT_RETAIN_SELF = YES;
				CLANG_WARN_OBJC_LITERAL_CONVERSION = YES;
				CLANG_WARN_OBJC_ROOT_CLASS = YES_ERROR;
				CLANG_WARN_QUOTED_INCLUDE_IN_FRAMEWORK_HEADER = YES;
				CLANG_WARN_RANGE_LOOP_ANALYSIS = YES;
				CLANG_WARN_STRICT_PROTOTYPES = YES;
				CLANG_WARN_SUSPICIOUS_MOVE = YES;
				CLANG_WARN_UNREACHABLE_CODE = YES;
				CLANG_WARN__DUPLICATE_METHOD_MATCH = YES;
				"CODE_SIGN_IDENTITY[sdk=iphoneos*]" = "iPhone Developer";
				COPY_PHASE_STRIP = YES;
				CXX = "";
				ENABLE_NS_ASSERTIONS = NO;
				ENABLE_STRICT_OBJC_MSGSEND = YES;
				"EXCLUDED_ARCHS[sdk=iphonesimulator*]" = "";
				GCC_C_LANGUAGE_STANDARD = gnu99;
				GCC_NO_COMMON_BLOCKS = YES;
				GCC_WARN_64_TO_32_BIT_CONVERSION = YES;
				GCC_WARN_ABOUT_RETURN_TYPE = YES_ERROR;
				GCC_WARN_UNDECLARED_SELECTOR = YES;
				GCC_WARN_UNINITIALIZED_AUTOS = YES_AGGRESSIVE;
				GCC_WARN_UNUSED_FUNCTION = YES;
				GCC_WARN_UNUSED_VARIABLE = YES;
				HEADER_SEARCH_PATHS = (
					"$(inherited)",
					"${PODS_CONFIGURATION_BUILD_DIR}/ReactCommon/ReactCommon.framework/Headers",
					"${PODS_CONFIGURATION_BUILD_DIR}/ReactCommon/ReactCommon.framework/Headers/react/nativemodule/core",
					"${PODS_CONFIGURATION_BUILD_DIR}/ReactCommon-Samples/ReactCommon_Samples.framework/Headers",
					"${PODS_CONFIGURATION_BUILD_DIR}/ReactCommon-Samples/ReactCommon_Samples.framework/Headers/platform/ios",
					"${PODS_CONFIGURATION_BUILD_DIR}/React-Fabric/React_Fabric.framework/Headers/react/renderer/components/view/platform/cxx",
					"${PODS_CONFIGURATION_BUILD_DIR}/React-NativeModulesApple/React_NativeModulesApple.framework/Headers",
					"${PODS_CONFIGURATION_BUILD_DIR}/React-graphics/React_graphics.framework/Headers",
					"${PODS_CONFIGURATION_BUILD_DIR}/React-graphics/React_graphics.framework/Headers/react/renderer/graphics/platform/ios",
				);
				IPHONEOS_DEPLOYMENT_TARGET = 13.4;
				LD = "";
				LDPLUSPLUS = "";
				LD_RUNPATH_SEARCH_PATHS = (
					/usr/lib/swift,
					"$(inherited)",
				);
				LIBRARY_SEARCH_PATHS = (
					"\"$(SDKROOT)/usr/lib/swift\"",
					"\"$(TOOLCHAIN_DIR)/usr/lib/swift/$(PLATFORM_NAME)\"",
					"\"$(inherited)\"",
				);
				MTL_ENABLE_DEBUG_INFO = NO;
				OTHER_CPLUSPLUSFLAGS = (
					"$(OTHER_CFLAGS)",
					"-DFOLLY_NO_CONFIG",
					"-DFOLLY_MOBILE=1",
					"-DFOLLY_USE_LIBCPP=1",
					"-DFOLLY_CFG_NO_COROUTINES=1",
					"-DFOLLY_HAVE_CLOCK_GETTIME=1",
				);
				OTHER_LDFLAGS = "$(inherited)  ";
				REACT_NATIVE_PATH = "${PODS_ROOT}/../../node_modules/react-native";
				SDKROOT = iphoneos;
				USE_HERMES = true;
				VALIDATE_PRODUCT = YES;
			};
			name = Release;
		};
/* End XCBuildConfiguration section */

/* Begin XCConfigurationList section */
		00E357021AD99517003FC87E /* Build configuration list for PBXNativeTarget "LeelaChakraAiMobileTests" */ = {
			isa = XCConfigurationList;
			buildConfigurations = (
				00E356F61AD99517003FC87E /* Debug */,
				00E356F71AD99517003FC87E /* Release */,
			);
			defaultConfigurationIsVisible = 0;
			defaultConfigurationName = Release;
		};
		13B07F931A680F5B00A75B9A /* Build configuration list for PBXNativeTarget "LeelaChakraAiMobile" */ = {
			isa = XCConfigurationList;
			buildConfigurations = (
				13B07F941A680F5B00A75B9A /* Debug */,
				13B07F951A680F5B00A75B9A /* Release */,
			);
			defaultConfigurationIsVisible = 0;
			defaultConfigurationName = Release;
		};
		83CBB9FA1A601CBA00E9B192 /* Build configuration list for PBXProject "LeelaChakraAiMobile" */ = {
			isa = XCConfigurationList;
			buildConfigurations = (
				83CBBA201A601CBA00E9B192 /* Debug */,
				83CBBA211A601CBA00E9B192 /* Release */,
			);
			defaultConfigurationIsVisible = 0;
			defaultConfigurationName = Release;
		};
/* End XCConfigurationList section */
	};
	rootObject = 83CBB9F71A601CBA00E9B192 /* Project object */;
}
